
Microsoft Visual Studio Solution File, Format Version 11.00
# Visual Studio 2010
Project("{8BC9CEB8-8B4A-11D0-8D11-00A0C91BC942}") = "MCmain", "MCmain\MCmain.vcxproj", "{5D78A087-1DB6-4805-87F3-F248EC1153D8}"
EndProject
Global
	GlobalSection(SolutionConfigurationPlatforms) = preSolution
		Debug|Win32 = Debug|Win32
		Release|Win32 = Release|Win32
	EndGlobalSection
	GlobalSection(ProjectConfigurationPlatforms) = postSolution
		{5D78A087-1DB6-4805-87F3-F248EC1153D8}.Debug|Win32.ActiveCfg = Debug|Win32
		{5D78A087-1DB6-4805-87F3-F248EC1153D8}.Debug|Win32.Build.0 = Debug|Win32
		{5D78A087-1DB6-4805-87F3-F248EC1153D8}.Release|Win32.ActiveCfg = Release|Win32
		{5D78A087-1DB6-4805-87F3-F248EC1153D8}.Release|Win32.Build.0 = Release|Win32
	EndGlobalSection
	GlobalSection(SolutionProperties) = preSolution
		HideSolutionNode = FALSE
	EndGlobalSection
EndGlobal
