<?xml version="1.0" encoding="utf-8"?>
<Project ToolsVersion="4.0" xmlns="http://schemas.microsoft.com/developer/msbuild/2003">
  <ItemGroup>
    <Filter Include="源文件">
      <UniqueIdentifier>{4FC737F1-C7A5-4376-A066-2A32D752A2FF}</UniqueIdentifier>
      <Extensions>cpp;c;cc;cxx;def;odl;idl;hpj;bat;asm;asmx</Extensions>
    </Filter>
    <Filter Include="头文件">
      <UniqueIdentifier>{93995380-89BD-4b04-88EB-625FBE52EBFB}</UniqueIdentifier>
      <Extensions>h;hpp;hxx;hm;inl;inc;xsd</Extensions>
    </Filter>
    <Filter Include="资源文件">
      <UniqueIdentifier>{67DA6AB6-F800-4c08-8B7A-83BB121AAD01}</UniqueIdentifier>
      <Extensions>rc;ico;cur;bmp;dlg;rc2;rct;bin;rgs;gif;jpg;jpeg;jpe;resx;tiff;tif;png;wav;mfcribbon-ms</Extensions>
    </Filter>
    <Filter Include="源文件\Basic">
      <UniqueIdentifier>{fe8d93c6-e7e3-40f8-9d6a-ea827aefffdc}</UniqueIdentifier>
    </Filter>
    <Filter Include="头文件\Basic">
      <UniqueIdentifier>{8eea2e77-c43c-49c0-94ed-cc35ed5bb31a}</UniqueIdentifier>
    </Filter>
    <Filter Include="头文件\Logic">
      <UniqueIdentifier>{e3c57ce8-a734-4807-839d-ec3a5f3c93b7}</UniqueIdentifier>
    </Filter>
    <Filter Include="头文件\GUI">
      <UniqueIdentifier>{00f7a0ee-6f09-4541-b093-4b11ce56aa1b}</UniqueIdentifier>
    </Filter>
    <Filter Include="源文件\Logic">
      <UniqueIdentifier>{dc9187ca-2703-415d-896f-24131e59c6a1}</UniqueIdentifier>
    </Filter>
    <Filter Include="源文件\GUI">
      <UniqueIdentifier>{6ec97509-e7c7-49b6-b27a-e4170f54b384}</UniqueIdentifier>
    </Filter>
  </ItemGroup>
  <ItemGroup>
    <ClCompile Include="..\..\..\GBY%27sMC\MCmain\MCmain\BlockClass.cpp">
      <Filter>源文件\Basic</Filter>
    </ClCompile>
    <ClCompile Include="..\..\..\GBY%27sMC\MCmain\MCmain\BoneClass.cpp">
      <Filter>源文件\Basic</Filter>
    </ClCompile>
    <ClCompile Include="..\..\..\GBY%27sMC\MCmain\MCmain\BVClass.cpp">
      <Filter>源文件\Basic</Filter>
    </ClCompile>
    <ClCompile Include="..\..\..\GBY%27sMC\MCmain\MCmain\CameraClass.cpp">
      <Filter>源文件\Basic</Filter>
    </ClCompile>
    <ClCompile Include="..\..\..\GBY%27sMC\MCmain\MCmain\CloudClass.cpp">
      <Filter>源文件\Basic</Filter>
    </ClCompile>
    <ClCompile Include="..\..\..\GBY%27sMC\MCmain\MCmain\FrustumClass.cpp">
      <Filter>源文件\Basic</Filter>
    </ClCompile>
    <ClCompile Include="..\..\..\GBY%27sMC\MCmain\MCmain\InputClass.cpp">
      <Filter>源文件\Basic</Filter>
    </ClCompile>
    <ClCompile Include="..\..\..\GBY%27sMC\MCmain\MCmain\LightClass.cpp">
      <Filter>源文件\Basic</Filter>
    </ClCompile>
    <ClCompile Include="..\..\..\GBY%27sMC\MCmain\MCmain\MapGenerateClass.cpp">
      <Filter>源文件\Basic</Filter>
    </ClCompile>
    <ClCompile Include="..\..\..\GBY%27sMC\MCmain\MCmain\MCMain.cpp">
      <Filter>源文件\Basic</Filter>
    </ClCompile>
    <ClCompile Include="OBBClass.cpp">
      <Filter>源文件\Basic</Filter>
    </ClCompile>
    <ClCompile Include="..\..\..\GBY%27sMC\MCmain\MCmain\OcclusionClass.cpp">
      <Filter>源文件\Basic</Filter>
    </ClCompile>
    <ClCompile Include="..\..\..\GBY%27sMC\MCmain\MCmain\PixelShaderClass.cpp">
      <Filter>源文件\Basic</Filter>
    </ClCompile>
    <ClCompile Include="PlayerClass.cpp">
      <Filter>源文件\Basic</Filter>
    </ClCompile>
    <ClCompile Include="..\..\..\GBY%27sMC\MCmain\MCmain\SkyClass.cpp">
      <Filter>源文件\Basic</Filter>
    </ClCompile>
    <ClCompile Include="..\..\..\GBY%27sMC\MCmain\MCmain\SoundClass.cpp">
      <Filter>源文件\Basic</Filter>
    </ClCompile>
    <ClCompile Include="..\..\..\GBY%27sMC\MCmain\MCmain\TextureClass.cpp">
      <Filter>源文件\Basic</Filter>
    </ClCompile>
    <ClCompile Include="..\..\..\GBY%27sMC\MCmain\MCmain\TreeClass.cpp">
      <Filter>源文件\Basic</Filter>
    </ClCompile>
    <ClCompile Include="..\..\..\GBY%27sMC\MCmain\MCmain\VertexShaderClass.cpp">
      <Filter>源文件\Basic</Filter>
    </ClCompile>
    <ClCompile Include="..\..\..\GBY%27sMC\MCmain\MCmain\WorldClass.cpp">
      <Filter>源文件\Basic</Filter>
    </ClCompile>
    <ClCompile Include="..\..\..\GBY%27sMC\MCmain\MCmain\xnaCollision.cpp">
      <Filter>源文件\Basic</Filter>
    </ClCompile>
    <ClCompile Include="..\..\..\GBY%27sMC\MCmain\MCmain\WidgetClass.cpp">
      <Filter>源文件\GUI</Filter>
    </ClCompile>
    <ClCompile Include="..\..\..\GBY%27sMC\MCmain\MCmain\Render2TextureClass.cpp">
      <Filter>源文件\Basic</Filter>
    </ClCompile>
    <ClCompile Include="..\..\..\GBY%27sMC\MCmain\MCmain\DayTime.cpp">
      <Filter>源文件\Logic</Filter>
    </ClCompile>
    <ClCompile Include="..\..\..\GBY%27sMC\MCmain\MCmain\TerrainBlock.cpp">
      <Filter>源文件\Logic</Filter>
<<<<<<< HEAD
    </ClCompile>
    <ClCompile Include="..\..\..\GBY%27sMC\MCmain\MCmain\TerrainType.cpp">
      <Filter>源文件\Logic</Filter>
    </ClCompile>
    <ClCompile Include="..\..\..\GBY%27sMC\MCmain\MCmain\Rectangle2DClass.cpp">
      <Filter>源文件\Basic</Filter>
    </ClCompile>
    <ClCompile Include="MCTextures.cpp">
      <Filter>源文件\Basic</Filter>
    </ClCompile>
    <ClCompile Include="..\..\..\GBY%27sMC\MCmain\MCmain\ButtonClass.cpp">
      <Filter>源文件\GUI</Filter>
    </ClCompile>
    <ClCompile Include="..\..\..\GBY%27sMC\MCmain\MCmain\ArtEffect.cpp">
      <Filter>源文件</Filter>
    </ClCompile>
    <ClCompile Include="..\..\..\GBY%27sMC\MCmain\MCmain\ShaderManager.cpp">
      <Filter>源文件</Filter>
    </ClCompile>
    <ClCompile Include="..\..\..\GBY%27sMC\MCmain\MCmain\Defines.cpp">
      <Filter>源文件</Filter>
=======
    </ClCompile>
    <ClCompile Include="..\..\..\GBY%27sMC\MCmain\MCmain\TerrainType.cpp">
      <Filter>源文件\Logic</Filter>
    </ClCompile>
    <ClCompile Include="..\..\..\GBY%27sMC\MCmain\MCmain\Rectangle2DClass.cpp">
      <Filter>源文件\Basic</Filter>
    </ClCompile>
    <ClCompile Include="MCTextures.cpp">
      <Filter>源文件\Basic</Filter>
    </ClCompile>
    <ClCompile Include="..\..\..\GBY%27sMC\MCmain\MCmain\ButtonClass.cpp">
      <Filter>源文件\GUI</Filter>
>>>>>>> 63f768f2ac038be9c0895581b94580b55bbf5bd0
    </ClCompile>
  </ItemGroup>
  <ItemGroup>
    <ClInclude Include="..\..\..\GBY%27sMC\MCmain\MCmain\BlockClass.h">
      <Filter>头文件\Basic</Filter>
    </ClInclude>
    <ClInclude Include="..\..\..\GBY%27sMC\MCmain\MCmain\BoneClass.h">
      <Filter>头文件\Basic</Filter>
    </ClInclude>
    <ClInclude Include="..\..\..\GBY%27sMC\MCmain\MCmain\BVClass.h">
      <Filter>头文件\Basic</Filter>
    </ClInclude>
    <ClInclude Include="..\..\..\GBY%27sMC\MCmain\MCmain\CameraClass.h">
      <Filter>头文件\Basic</Filter>
    </ClInclude>
    <ClInclude Include="..\..\..\GBY%27sMC\MCmain\MCmain\CloudClass.h">
      <Filter>头文件\Basic</Filter>
    </ClInclude>
    <ClInclude Include="..\..\..\GBY%27sMC\MCmain\MCmain\InputClass.h">
      <Filter>头文件\Basic</Filter>
    </ClInclude>
    <ClInclude Include="..\..\..\GBY%27sMC\MCmain\MCmain\LightClass.h">
      <Filter>头文件\Basic</Filter>
    </ClInclude>
    <ClInclude Include="OBBClass.h">
      <Filter>头文件\Basic</Filter>
    </ClInclude>
    <ClInclude Include="..\..\..\GBY%27sMC\MCmain\MCmain\PixelShaderClass.h">
      <Filter>头文件\Basic</Filter>
    </ClInclude>
    <ClInclude Include="PlayerClass.h">
      <Filter>头文件\Basic</Filter>
    </ClInclude>
    <ClInclude Include="..\..\..\GBY%27sMC\MCmain\MCmain\PointClass.h">
      <Filter>头文件\Basic</Filter>
    </ClInclude>
    <ClInclude Include="resource.h">
      <Filter>头文件\Basic</Filter>
    </ClInclude>
    <ClInclude Include="..\..\..\GBY%27sMC\MCmain\MCmain\SkyClass.h">
      <Filter>头文件\Basic</Filter>
    </ClInclude>
    <ClInclude Include="..\..\..\GBY%27sMC\MCmain\MCmain\SoundClass.h">
      <Filter>头文件\Basic</Filter>
    </ClInclude>
    <ClInclude Include="..\..\..\GBY%27sMC\MCmain\MCmain\TextureClass.h">
      <Filter>头文件\Basic</Filter>
    </ClInclude>
    <ClInclude Include="..\..\..\GBY%27sMC\MCmain\MCmain\TreeClass.h">
      <Filter>头文件\Basic</Filter>
    </ClInclude>
    <ClInclude Include="..\..\..\GBY%27sMC\MCmain\MCmain\VertexClass.h">
      <Filter>头文件\Basic</Filter>
    </ClInclude>
    <ClInclude Include="..\..\..\GBY%27sMC\MCmain\MCmain\VertexShaderClass.h">
      <Filter>头文件\Basic</Filter>
    </ClInclude>
    <ClInclude Include="..\..\..\GBY%27sMC\MCmain\MCmain\WorldClass.h">
      <Filter>头文件\Basic</Filter>
    </ClInclude>
    <ClInclude Include="..\..\..\GBY%27sMC\MCmain\MCmain\DayTime.h">
      <Filter>头文件\Logic</Filter>
    </ClInclude>
    <ClInclude Include="..\..\..\GBY%27sMC\MCmain\MCmain\MapGenerateClass.h">
      <Filter>头文件\Logic</Filter>
    </ClInclude>
    <ClInclude Include="..\..\..\GBY%27sMC\MCmain\MCmain\FrustumClass.h">
      <Filter>头文件\Logic</Filter>
    </ClInclude>
    <ClInclude Include="..\..\..\GBY%27sMC\MCmain\MCmain\xnaCollision.h">
      <Filter>头文件\Logic</Filter>
    </ClInclude>
    <ClInclude Include="..\..\..\GBY%27sMC\MCmain\MCmain\OcclusionClass.h">
      <Filter>头文件\Logic</Filter>
    </ClInclude>
    <ClInclude Include="..\..\..\GBY%27sMC\MCmain\MCmain\Rectangle2DClass.h">
<<<<<<< HEAD
      <Filter>头文件\Basic</Filter>
    </ClInclude>
    <ClInclude Include="..\..\..\GBY%27sMC\MCmain\MCmain\Render2TextureClass.h">
      <Filter>头文件\Basic</Filter>
    </ClInclude>
=======
      <Filter>头文件\Basic</Filter>
    </ClInclude>
    <ClInclude Include="..\..\..\GBY%27sMC\MCmain\MCmain\Render2TextureClass.h">
      <Filter>头文件\Basic</Filter>
    </ClInclude>
>>>>>>> 63f768f2ac038be9c0895581b94580b55bbf5bd0
    <ClInclude Include="..\..\..\GBY%27sMC\MCmain\MCmain\TerrainBlock.h">
      <Filter>头文件\Logic</Filter>
    </ClInclude>
    <ClInclude Include="..\..\..\GBY%27sMC\MCmain\MCmain\TerrainType.h">
      <Filter>头文件\Logic</Filter>
    </ClInclude>
    <ClInclude Include="..\..\..\GBY%27sMC\MCmain\MCmain\GUI.h">
      <Filter>头文件\GUI</Filter>
    </ClInclude>
    <ClInclude Include="..\..\..\GBY%27sMC\MCmain\MCmain\WidgetClass.h">
      <Filter>头文件\GUI</Filter>
    </ClInclude>
    <ClInclude Include="MCTextures.h">
      <Filter>头文件\Basic</Filter>
<<<<<<< HEAD
    </ClInclude>
    <ClInclude Include="..\..\..\GBY%27sMC\MCmain\MCmain\ButtonClass.h">
      <Filter>头文件\GUI</Filter>
    </ClInclude>
    <ClInclude Include="..\..\..\GBY%27sMC\MCmain\MCmain\Headers.h">
      <Filter>头文件</Filter>
    </ClInclude>
    <ClInclude Include="..\..\..\GBY%27sMC\MCmain\MCmain\ArtEffect.h">
      <Filter>头文件</Filter>
    </ClInclude>
    <ClInclude Include="..\..\..\GBY%27sMC\MCmain\MCmain\ShaderManager.h">
=======
    </ClInclude>
    <ClInclude Include="..\..\..\GBY%27sMC\MCmain\MCmain\Defines.h">
      <Filter>头文件\Basic</Filter>
    </ClInclude>
    <ClInclude Include="..\..\..\GBY%27sMC\MCmain\MCmain\ButtonClass.h">
      <Filter>头文件\GUI</Filter>
    </ClInclude>
    <ClInclude Include="..\..\..\GBY%27sMC\MCmain\MCmain\Headers.h">
>>>>>>> 63f768f2ac038be9c0895581b94580b55bbf5bd0
      <Filter>头文件</Filter>
    </ClInclude>
    <ClInclude Include="Defines.h">
      <Filter>头文件\Basic</Filter>
    </ClInclude>
  </ItemGroup>
</Project>